
Microsoft Visual Studio Solution File, Format Version 12.00
# Visual Studio Version 17
VisualStudioVersion = 17.6.33829.357
MinimumVisualStudioVersion = 10.0.40219.1
Project("{FAE04EC0-301F-11D3-BF4B-00C04F79EFBC}") = "ConsoleAppSocketServerWPF", "ConsoleAppSocketServerWPF\ConsoleAppSocketServerWPF.csproj", "{9FB6526C-6472-4D63-BC8E-0F493070C565}"
EndProject
Project("{FAE04EC0-301F-11D3-BF4B-00C04F79EFBC}") = "AppServer", "AppServer\AppServer.csproj", "{340E9417-F58D-4E0E-9DBE-043AD404F3C0}"
EndProject
Global
	GlobalSection(SolutionConfigurationPlatforms) = preSolution
		Debug|Any CPU = Debug|Any CPU
		Release|Any CPU = Release|Any CPU
	EndGlobalSection
	GlobalSection(ProjectConfigurationPlatforms) = postSolution
		{9FB6526C-6472-4D63-BC8E-0F493070C565}.Debug|Any CPU.ActiveCfg = Debug|Any CPU
		{9FB6526C-6472-4D63-BC8E-0F493070C565}.Debug|Any CPU.Build.0 = Debug|Any CPU
		{9FB6526C-6472-4D63-BC8E-0F493070C565}.Release|Any CPU.ActiveCfg = Release|Any CPU
		{9FB6526C-6472-4D63-BC8E-0F493070C565}.Release|Any CPU.Build.0 = Release|Any CPU
		{340E9417-F58D-4E0E-9DBE-043AD404F3C0}.Debug|Any CPU.ActiveCfg = Debug|Any CPU
		{340E9417-F58D-4E0E-9DBE-043AD404F3C0}.Debug|Any CPU.Build.0 = Debug|Any CPU
		{340E9417-F58D-4E0E-9DBE-043AD404F3C0}.Release|Any CPU.ActiveCfg = Release|Any CPU
		{340E9417-F58D-4E0E-9DBE-043AD404F3C0}.Release|Any CPU.Build.0 = Release|Any CPU
	EndGlobalSection
	GlobalSection(SolutionProperties) = preSolution
		HideSolutionNode = FALSE
	EndGlobalSection
	GlobalSection(ExtensibilityGlobals) = postSolution
		SolutionGuid = {2C2262DE-0A5F-40E1-A934-D5E222B93326}
	EndGlobalSection
EndGlobal
