
Microsoft Visual Studio Solution File, Format Version 12.00
# Visual Studio Version 17
VisualStudioVersion = 17.6.33829.357
MinimumVisualStudioVersion = 10.0.40219.1
Project("{FAE04EC0-301F-11D3-BF4B-00C04F79EFBC}") = "ConsoleAppSocket", "ConsoleAppSocket\ConsoleAppSocket.csproj", "{D88A0E8F-3C9D-4414-940D-0D3C9B7860C9}"
EndProject
Global
	GlobalSection(SolutionConfigurationPlatforms) = preSolution
		Debug|Any CPU = Debug|Any CPU
		Release|Any CPU = Release|Any CPU
	EndGlobalSection
	GlobalSection(ProjectConfigurationPlatforms) = postSolution
		{D88A0E8F-3C9D-4414-940D-0D3C9B7860C9}.Debug|Any CPU.ActiveCfg = Debug|Any CPU
		{D88A0E8F-3C9D-4414-940D-0D3C9B7860C9}.Debug|Any CPU.Build.0 = Debug|Any CPU
		{D88A0E8F-3C9D-4414-940D-0D3C9B7860C9}.Release|Any CPU.ActiveCfg = Release|Any CPU
		{D88A0E8F-3C9D-4414-940D-0D3C9B7860C9}.Release|Any CPU.Build.0 = Release|Any CPU
	EndGlobalSection
	GlobalSection(SolutionProperties) = preSolution
		HideSolutionNode = FALSE
	EndGlobalSection
	GlobalSection(ExtensibilityGlobals) = postSolution
		SolutionGuid = {42B2B95A-B583-4810-9631-54A4CFAA3D5E}
	EndGlobalSection
EndGlobal
