
Microsoft Visual Studio Solution File, Format Version 12.00
# Visual Studio Version 17
VisualStudioVersion = 17.6.33829.357
MinimumVisualStudioVersion = 10.0.40219.1
Project("{FAE04EC0-301F-11D3-BF4B-00C04F79EFBC}") = "ConsoleRunV2", "ConsoleRunV2\ConsoleRunV2.csproj", "{600DB76D-33B4-4ECF-899B-022226F5F375}"
EndProject
Global
	GlobalSection(SolutionConfigurationPlatforms) = preSolution
		Debug|Any CPU = Debug|Any CPU
		Release|Any CPU = Release|Any CPU
	EndGlobalSection
	GlobalSection(ProjectConfigurationPlatforms) = postSolution
		{600DB76D-33B4-4ECF-899B-022226F5F375}.Debug|Any CPU.ActiveCfg = Debug|Any CPU
		{600DB76D-33B4-4ECF-899B-022226F5F375}.Debug|Any CPU.Build.0 = Debug|Any CPU
		{600DB76D-33B4-4ECF-899B-022226F5F375}.Release|Any CPU.ActiveCfg = Release|Any CPU
		{600DB76D-33B4-4ECF-899B-022226F5F375}.Release|Any CPU.Build.0 = Release|Any CPU
	EndGlobalSection
	GlobalSection(SolutionProperties) = preSolution
		HideSolutionNode = FALSE
	EndGlobalSection
	GlobalSection(ExtensibilityGlobals) = postSolution
		SolutionGuid = {37F060FB-B156-4F28-9D45-C8CA30A34AB3}
	EndGlobalSection
EndGlobal
