
Microsoft Visual Studio Solution File, Format Version 12.00
# Visual Studio Version 17
VisualStudioVersion = 17.6.33829.357
MinimumVisualStudioVersion = 10.0.40219.1
Project("{FAE04EC0-301F-11D3-BF4B-00C04F79EFBC}") = "WpfAppDrawingCanvasMouse", "WpfAppDrawingCanvasMouse\WpfAppDrawingCanvasMouse.csproj", "{FC615367-7642-4B84-B621-DDEF170BD7EF}"
EndProject
Global
	GlobalSection(SolutionConfigurationPlatforms) = preSolution
		Debug|Any CPU = Debug|Any CPU
		Release|Any CPU = Release|Any CPU
	EndGlobalSection
	GlobalSection(ProjectConfigurationPlatforms) = postSolution
		{FC615367-7642-4B84-B621-DDEF170BD7EF}.Debug|Any CPU.ActiveCfg = Debug|Any CPU
		{FC615367-7642-4B84-B621-DDEF170BD7EF}.Debug|Any CPU.Build.0 = Debug|Any CPU
		{FC615367-7642-4B84-B621-DDEF170BD7EF}.Release|Any CPU.ActiveCfg = Release|Any CPU
		{FC615367-7642-4B84-B621-DDEF170BD7EF}.Release|Any CPU.Build.0 = Release|Any CPU
	EndGlobalSection
	GlobalSection(SolutionProperties) = preSolution
		HideSolutionNode = FALSE
	EndGlobalSection
	GlobalSection(ExtensibilityGlobals) = postSolution
		SolutionGuid = {ECF32794-BF77-4256-B68B-5E4C1F106B7D}
	EndGlobalSection
EndGlobal
